PODS:
  - Flutter (1.0.0)
  - integration_test (0.0.1):
    - Flutter
  - mobkit_calendar (0.0.1):
    - Flutter

DEPENDENCIES:
  - Flutter (from `Flutter`)
  - integration_test (from `.symlinks/plugins/integration_test/ios`)
  - mobkit_calendar (from `.symlinks/plugins/mobkit_calendar/ios`)

EXTERNAL SOURCES:
  Flutter:
    :path: Flutter
  integration_test:
    :path: ".symlinks/plugins/integration_test/ios"
  mobkit_calendar:
    :path: ".symlinks/plugins/mobkit_calendar/ios"

SPEC CHECKSUMS:
  Flutter: f04841e97a9d0b0a8025694d0796dd46242b2854
  integration_test: 13825b8a9334a850581300559b8839134b124670
  mobkit_calendar: 1241b6855135cf0612defd96c2c8e02cf72044fd

PODFILE CHECKSUM: 70d9d25280d0dd177a5f637cdb0f0b0b12c6a189

COCOAPODS: 1.11.3
